// !$*UTF8*$!
{
	archiveVersion = 1;
	classes = {
	};
	objectVersion = 77;
	objects = {

/* Begin PBXBuildFile section */
		0FDB32E4CFC98E91923C7DA3 /* SessionType.swift in Sources */ = {isa = PBXBuildFile; fileRef = 2126128AC9C521C459F4F7D7 /* SessionType.swift */; };
		19CE72DBEAC7DBBC694A9C19 /* DashboardView.swift in Sources */ = {isa = PBXBuildFile; fileRef = C50085898D74EA4E81414F70 /* DashboardView.swift */; };
		255444B006E508D7CC321224 /* RangeDetailView.swift in Sources */ = {isa = PBXBuildFile; fileRef = 0145CFDEBD0B99FF77B16C92 /* RangeDetailView.swift */; };
		298D97286741D9E8E8C64AC4 /* WeaponFormView.swift in Sources */ = {isa = PBXBuildFile; fileRef = 448ED1CD576D852B03CDF6A1 /* WeaponFormView.swift */; };
		4748B0C61C1FA9579B6A3EF7 /* SessionRole.swift in Sources */ = {isa = PBXBuildFile; fileRef = 9110DD15816CBBD92CFCABE3 /* SessionRole.swift */; };
		604E03D9BE2C16EF3B39D050 /* Contents.json in Resources */ = {isa = PBXBuildFile; fileRef = 393C2EF3273EA999459D4A9A /* Contents.json */; };
		62F4EB7BB1BDCCA7B90D2BF9 /* SessionListView.swift in Sources */ = {isa = PBXBuildFile; fileRef = 5923D42575117C875F17FE54 /* SessionListView.swift */; };
		639B22C80301B4E19FD5B577 /* WeaponListView.swift in Sources */ = {isa = PBXBuildFile; fileRef = 3E12E1AF1E966D36DE76994A /* WeaponListView.swift */; };
		64E8C26BFA783E00D0F6B014 /* Weapon.swift in Sources */ = {isa = PBXBuildFile; fileRef = 533D0702AD62002CFE43F61A /* Weapon.swift */; };
		705437EB9E93219B55F35F62 /* DateFormatters.swift in Sources */ = {isa = PBXBuildFile; fileRef = F7D2DA4D0F18B5559980D45B /* DateFormatters.swift */; };
		710D589C446FE63567C34D05 /* Assets.xcassets in Resources */ = {isa = PBXBuildFile; fileRef = 2F1FA11DFF12A06F0CC21B0F /* Assets.xcassets */; };
		7BFEAF09F3B46B61847D3E9A /* Session.swift in Sources */ = {isa = PBXBuildFile; fileRef = 68EADC87FD2210F1906C86C0 /* Session.swift */; };
		834CC3A7559BBF007CCC54EE /* SessionFormView.swift in Sources */ = {isa = PBXBuildFile; fileRef = 900E8C74306A7B8B2F358EE4 /* SessionFormView.swift */; };
		842C803D5C07C41A8F417B70 /* WeaponDetailView.swift in Sources */ = {isa = PBXBuildFile; fileRef = DA90A0446A99128932388364 /* WeaponDetailView.swift */; };
		8AFEF977D945EDBCCF1B909E /* SportTypeMapping.swift in Sources */ = {isa = PBXBuildFile; fileRef = E0A7BBBC79DC927C8565FE1F /* SportTypeMapping.swift */; };
		8DD47011538D8520278571C5 /* StatisticsView.swift in Sources */ = {isa = PBXBuildFile; fileRef = 3B42E6280A17EAE9BA970315 /* StatisticsView.swift */; };
		945DBBDC5F979267DDCBDC2A /* PewPewLogsApp.swift in Sources */ = {isa = PBXBuildFile; fileRef = E234DBBD60EC2A79C8E08AC6 /* PewPewLogsApp.swift */; };
		9F164C698172F4A478642EFA /* ShootingRange.swift in Sources */ = {isa = PBXBuildFile; fileRef = E460125E268169BDE712E278 /* ShootingRange.swift */; };
		AB207AD80874315173095B76 /* SessionDetailView.swift in Sources */ = {isa = PBXBuildFile; fileRef = 90055EF503B090105D951ED4 /* SessionDetailView.swift */; };
		AEB66BC694F4551C404B098C /* WeaponType.swift in Sources */ = {isa = PBXBuildFile; fileRef = D95184E86C889FABB7DFB8C0 /* WeaponType.swift */; };
		C4A48A823B496B8AE50310EB /* RangeListView.swift in Sources */ = {isa = PBXBuildFile; fileRef = 7E9BEB29D9AE9FCC7F12109C /* RangeListView.swift */; };
		CCA7E245A0133BE762187D73 /* ContentView.swift in Sources */ = {isa = PBXBuildFile; fileRef = B92EE97516D4B781A9194C07 /* ContentView.swift */; };
		E2A882F06E29A0CE49C7E294 /* PreviewSampleData.swift in Sources */ = {isa = PBXBuildFile; fileRef = EDB68D5E5E10A555CE4D7018 /* PreviewSampleData.swift */; };
		FD2BC43035B488F47D22F0E9 /* RangeFormView.swift in Sources */ = {isa = PBXBuildFile; fileRef = 5F1B53B74B40AA75A32E7172 /* RangeFormView.swift */; };
/* End PBXBuildFile section */

/* Begin PBXFileReference section */
		0145CFDEBD0B99FF77B16C92 /* RangeDetailView.swift */ = {isa = PBXFileReference; lastKnownFileType = sourcecode.swift; path = RangeDetailView.swift; sourceTree = "<group>"; };
		2126128AC9C521C459F4F7D7 /* SessionType.swift */ = {isa = PBXFileReference; lastKnownFileType = sourcecode.swift; path = SessionType.swift; sourceTree = "<group>"; };
		2F1FA11DFF12A06F0CC21B0F /* Assets.xcassets */ = {isa = PBXFileReference; lastKnownFileType = folder.assetcatalog; path = Assets.xcassets; sourceTree = "<group>"; };
		393C2EF3273EA999459D4A9A /* Contents.json */ = {isa = PBXFileReference; lastKnownFileType = text.json; path = Contents.json; sourceTree = "<group>"; };
		3B42E6280A17EAE9BA970315 /* StatisticsView.swift */ = {isa = PBXFileReference; lastKnownFileType = sourcecode.swift; path = StatisticsView.swift; sourceTree = "<group>"; };
		3E12E1AF1E966D36DE76994A /* WeaponListView.swift */ = {isa = PBXFileReference; lastKnownFileType = sourcecode.swift; path = WeaponListView.swift; sourceTree = "<group>"; };
		448ED1CD576D852B03CDF6A1 /* WeaponFormView.swift */ = {isa = PBXFileReference; lastKnownFileType = sourcecode.swift; path = WeaponFormView.swift; sourceTree = "<group>"; };
		533D0702AD62002CFE43F61A /* Weapon.swift */ = {isa = PBXFileReference; lastKnownFileType = sourcecode.swift; path = Weapon.swift; sourceTree = "<group>"; };
		5923D42575117C875F17FE54 /* SessionListView.swift */ = {isa = PBXFileReference; lastKnownFileType = sourcecode.swift; path = SessionListView.swift; sourceTree = "<group>"; };
		5F1B53B74B40AA75A32E7172 /* RangeFormView.swift */ = {isa = PBXFileReference; lastKnownFileType = sourcecode.swift; path = RangeFormView.swift; sourceTree = "<group>"; };
		68EADC87FD2210F1906C86C0 /* Session.swift */ = {isa = PBXFileReference; lastKnownFileType = sourcecode.swift; path = Session.swift; sourceTree = "<group>"; };
		7E9BEB29D9AE9FCC7F12109C /* RangeListView.swift */ = {isa = PBXFileReference; lastKnownFileType = sourcecode.swift; path = RangeListView.swift; sourceTree = "<group>"; };
		8463A1399B6AE5BDBE8203F0 /* PewPewLogs.app */ = {isa = PBXFileReference; includeInIndex = 0; lastKnownFileType = wrapper.application; path = PewPewLogs.app; sourceTree = BUILT_PRODUCTS_DIR; };
		90055EF503B090105D951ED4 /* SessionDetailView.swift */ = {isa = PBXFileReference; lastKnownFileType = sourcecode.swift; path = SessionDetailView.swift; sourceTree = "<group>"; };
		900E8C74306A7B8B2F358EE4 /* SessionFormView.swift */ = {isa = PBXFileReference; lastKnownFileType = sourcecode.swift; path = SessionFormView.swift; sourceTree = "<group>"; };
		9110DD15816CBBD92CFCABE3 /* SessionRole.swift */ = {isa = PBXFileReference; lastKnownFileType = sourcecode.swift; path = SessionRole.swift; sourceTree = "<group>"; };
		B92EE97516D4B781A9194C07 /* ContentView.swift */ = {isa = PBXFileReference; lastKnownFileType = sourcecode.swift; path = ContentView.swift; sourceTree = "<group>"; };
		C50085898D74EA4E81414F70 /* DashboardView.swift */ = {isa = PBXFileReference; lastKnownFileType = sourcecode.swift; path = DashboardView.swift; sourceTree = "<group>"; };
		D95184E86C889FABB7DFB8C0 /* WeaponType.swift */ = {isa = PBXFileReference; lastKnownFileType = sourcecode.swift; path = WeaponType.swift; sourceTree = "<group>"; };
		DA90A0446A99128932388364 /* WeaponDetailView.swift */ = {isa = PBXFileReference; lastKnownFileType = sourcecode.swift; path = WeaponDetailView.swift; sourceTree = "<group>"; };
		E0A7BBBC79DC927C8565FE1F /* SportTypeMapping.swift */ = {isa = PBXFileReference; lastKnownFileType = sourcecode.swift; path = SportTypeMapping.swift; sourceTree = "<group>"; };
		E234DBBD60EC2A79C8E08AC6 /* PewPewLogsApp.swift */ = {isa = PBXFileReference; lastKnownFileType = sourcecode.swift; path = PewPewLogsApp.swift; sourceTree = "<group>"; };
		E460125E268169BDE712E278 /* ShootingRange.swift */ = {isa = PBXFileReference; lastKnownFileType = sourcecode.swift; path = ShootingRange.swift; sourceTree = "<group>"; };
		EDB68D5E5E10A555CE4D7018 /* PreviewSampleData.swift */ = {isa = PBXFileReference; lastKnownFileType = sourcecode.swift; path = PreviewSampleData.swift; sourceTree = "<group>"; };
		F7D2DA4D0F18B5559980D45B /* DateFormatters.swift */ = {isa = PBXFileReference; lastKnownFileType = sourcecode.swift; path = DateFormatters.swift; sourceTree = "<group>"; };
/* End PBXFileReference section */

/* Begin PBXGroup section */
		0F8A592DA34D7143384E6816 /* Components */ = {
			isa = PBXGroup;
			children = (
			);
			path = Components;
			sourceTree = "<group>";
		};
		12C31086D3BDCCEA8F439766 /* Utilities */ = {
			isa = PBXGroup;
			children = (
				F7D2DA4D0F18B5559980D45B /* DateFormatters.swift */,
				EDB68D5E5E10A555CE4D7018 /* PreviewSampleData.swift */,
				E0A7BBBC79DC927C8565FE1F /* SportTypeMapping.swift */,
			);
			path = Utilities;
			sourceTree = "<group>";
		};
		144726A5A3AFEBF3D578DD76 /* Auth */ = {
			isa = PBXGroup;
			children = (
			);
			path = Auth;
			sourceTree = "<group>";
		};
		2EC44D6F6D943597E4E44891 /* Enums */ = {
			isa = PBXGroup;
			children = (
				9110DD15816CBBD92CFCABE3 /* SessionRole.swift */,
				2126128AC9C521C459F4F7D7 /* SessionType.swift */,
				D95184E86C889FABB7DFB8C0 /* WeaponType.swift */,
			);
			path = Enums;
			sourceTree = "<group>";
		};
		34068E0EC36DAB7E70669B4F /* Statistics */ = {
			isa = PBXGroup;
			children = (
				3B42E6280A17EAE9BA970315 /* StatisticsView.swift */,
			);
			path = Statistics;
			sourceTree = "<group>";
		};
		46641557E7DB144FE3E8E12F /* PewPewLogs */ = {
			isa = PBXGroup;
			children = (
				2F1FA11DFF12A06F0CC21B0F /* Assets.xcassets */,
				E234DBBD60EC2A79C8E08AC6 /* PewPewLogsApp.swift */,
				D458DAF79DAD412BD672D73C /* Models */,
				82570B301F433F2ECCE08B85 /* Preview Content */,
				A7BC41BFC7114CC49517E2DF /* Services */,
				12C31086D3BDCCEA8F439766 /* Utilities */,
				F385F1304FC8822CF1C61706 /* ViewModels */,
				D64EF0AC20BEA1FF49687838 /* Views */,
			);
			path = PewPewLogs;
			sourceTree = "<group>";
		};
		75728FC0819952F592379544 /* Ranges */ = {
			isa = PBXGroup;
			children = (
				0145CFDEBD0B99FF77B16C92 /* RangeDetailView.swift */,
				5F1B53B74B40AA75A32E7172 /* RangeFormView.swift */,
				7E9BEB29D9AE9FCC7F12109C /* RangeListView.swift */,
			);
			path = Ranges;
			sourceTree = "<group>";
		};
		82570B301F433F2ECCE08B85 /* Preview Content */ = {
			isa = PBXGroup;
			children = (
				393C2EF3273EA999459D4A9A /* Contents.json */,
			);
			path = "Preview Content";
			sourceTree = "<group>";
		};
		831581A986C94693AC34A602 /* Weapons */ = {
			isa = PBXGroup;
			children = (
				DA90A0446A99128932388364 /* WeaponDetailView.swift */,
				448ED1CD576D852B03CDF6A1 /* WeaponFormView.swift */,
				3E12E1AF1E966D36DE76994A /* WeaponListView.swift */,
			);
			path = Weapons;
			sourceTree = "<group>";
		};
		A236268F07522B4EA8DE5A43 /* Dashboard */ = {
			isa = PBXGroup;
			children = (
				C50085898D74EA4E81414F70 /* DashboardView.swift */,
			);
			path = Dashboard;
			sourceTree = "<group>";
		};
		A7BC41BFC7114CC49517E2DF /* Services */ = {
			isa = PBXGroup;
			children = (
			);
			path = Services;
			sourceTree = "<group>";
		};
		C401266E9C87DE41FD2957FA /* Sessions */ = {
			isa = PBXGroup;
			children = (
				90055EF503B090105D951ED4 /* SessionDetailView.swift */,
				900E8C74306A7B8B2F358EE4 /* SessionFormView.swift */,
				5923D42575117C875F17FE54 /* SessionListView.swift */,
			);
			path = Sessions;
			sourceTree = "<group>";
		};
		CDBF80E38E9053A4049E1E0E /* Products */ = {
			isa = PBXGroup;
			children = (
				8463A1399B6AE5BDBE8203F0 /* PewPewLogs.app */,
			);
			name = Products;
			sourceTree = "<group>";
		};
		D458DAF79DAD412BD672D73C /* Models */ = {
			isa = PBXGroup;
			children = (
				68EADC87FD2210F1906C86C0 /* Session.swift */,
				E460125E268169BDE712E278 /* ShootingRange.swift */,
				533D0702AD62002CFE43F61A /* Weapon.swift */,
				2EC44D6F6D943597E4E44891 /* Enums */,
			);
			path = Models;
			sourceTree = "<group>";
		};
		D64EF0AC20BEA1FF49687838 /* Views */ = {
			isa = PBXGroup;
			children = (
				B92EE97516D4B781A9194C07 /* ContentView.swift */,
				144726A5A3AFEBF3D578DD76 /* Auth */,
				0F8A592DA34D7143384E6816 /* Components */,
				A236268F07522B4EA8DE5A43 /* Dashboard */,
				EA61632A0CCBBC3A51EB339D /* Profile */,
				75728FC0819952F592379544 /* Ranges */,
				C401266E9C87DE41FD2957FA /* Sessions */,
				34068E0EC36DAB7E70669B4F /* Statistics */,
				831581A986C94693AC34A602 /* Weapons */,
			);
			path = Views;
			sourceTree = "<group>";
		};
		EA61632A0CCBBC3A51EB339D /* Profile */ = {
			isa = PBXGroup;
			children = (
			);
			path = Profile;
			sourceTree = "<group>";
		};
		F2DBA9B48D213317598FF218 = {
			isa = PBXGroup;
			children = (
				46641557E7DB144FE3E8E12F /* PewPewLogs */,
				CDBF80E38E9053A4049E1E0E /* Products */,
			);
			sourceTree = "<group>";
		};
		F385F1304FC8822CF1C61706 /* ViewModels */ = {
			isa = PBXGroup;
			children = (
			);
			path = ViewModels;
			sourceTree = "<group>";
		};
/* End PBXGroup section */

/* Begin PBXNativeTarget section */
		04CEBCD031F91A0393BE62D9 /* PewPewLogs */ = {
			isa = PBXNativeTarget;
			buildConfigurationList = 1C80295566F30E2E1D332337 /* Build configuration list for PBXNativeTarget "PewPewLogs" */;
			buildPhases = (
				A5E17DD3D8DC7A535BB1D24B /* Sources */,
				5035E658278064E8EFE1D022 /* Resources */,
			);
			buildRules = (
			);
			dependencies = (
			);
			name = PewPewLogs;
			packageProductDependencies = (
			);
			productName = PewPewLogs;
			productReference = 8463A1399B6AE5BDBE8203F0 /* PewPewLogs.app */;
			productType = "com.apple.product-type.application";
		};
/* End PBXNativeTarget section */

/* Begin PBXProject section */
		87A00586A6E92B122BCE7004 /* Project object */ = {
			isa = PBXProject;
			attributes = {
				BuildIndependentTargetsInParallel = YES;
				LastUpgradeCheck = 2600;
				TargetAttributes = {
					04CEBCD031F91A0393BE62D9 = {
						DevelopmentTeam = "";
						ProvisioningStyle = Automatic;
					};
				};
			};
			buildConfigurationList = EE81FAE34BAA2795AC99647D /* Build configuration list for PBXProject "PewPewLogs" */;
			developmentRegion = en;
			hasScannedForEncodings = 0;
			knownRegions = (
				Base,
				en,
			);
			mainGroup = F2DBA9B48D213317598FF218;
			minimizedProjectReferenceProxies = 1;
			preferredProjectObjectVersion = 77;
			productRefGroup = CDBF80E38E9053A4049E1E0E /* Products */;
			projectDirPath = "";
			projectRoot = "";
			targets = (
				04CEBCD031F91A0393BE62D9 /* PewPewLogs */,
			);
		};
/* End PBXProject section */

/* Begin PBXResourcesBuildPhase section */
		5035E658278064E8EFE1D022 /* Resources */ = {
			isa = PBXResourcesBuildPhase;
			buildActionMask = 2147483647;
			files = (
				710D589C446FE63567C34D05 /* Assets.xcassets in Resources */,
				604E03D9BE2C16EF3B39D050 /* Contents.json in Resources */,
			);
			runOnlyForDeploymentPostprocessing = 0;
		};
/* End PBXResourcesBuildPhase section */

/* Begin PBXSourcesBuildPhase section */
		A5E17DD3D8DC7A535BB1D24B /* Sources */ = {
			isa = PBXSourcesBuildPhase;
			buildActionMask = 2147483647;
			files = (
				CCA7E245A0133BE762187D73 /* ContentView.swift in Sources */,
				19CE72DBEAC7DBBC694A9C19 /* DashboardView.swift in Sources */,
				705437EB9E93219B55F35F62 /* DateFormatters.swift in Sources */,
				945DBBDC5F979267DDCBDC2A /* PewPewLogsApp.swift in Sources */,
				E2A882F06E29A0CE49C7E294 /* PreviewSampleData.swift in Sources */,
				255444B006E508D7CC321224 /* RangeDetailView.swift in Sources */,
				FD2BC43035B488F47D22F0E9 /* RangeFormView.swift in Sources */,
				C4A48A823B496B8AE50310EB /* RangeListView.swift in Sources */,
				7BFEAF09F3B46B61847D3E9A /* Session.swift in Sources */,
				AB207AD80874315173095B76 /* SessionDetailView.swift in Sources */,
				834CC3A7559BBF007CCC54EE /* SessionFormView.swift in Sources */,
				62F4EB7BB1BDCCA7B90D2BF9 /* SessionListView.swift in Sources */,
				4748B0C61C1FA9579B6A3EF7 /* SessionRole.swift in Sources */,
				0FDB32E4CFC98E91923C7DA3 /* SessionType.swift in Sources */,
				9F164C698172F4A478642EFA /* ShootingRange.swift in Sources */,
				8AFEF977D945EDBCCF1B909E /* SportTypeMapping.swift in Sources */,
				8DD47011538D8520278571C5 /* StatisticsView.swift in Sources */,
				64E8C26BFA783E00D0F6B014 /* Weapon.swift in Sources */,
				842C803D5C07C41A8F417B70 /* WeaponDetailView.swift in Sources */,
				298D97286741D9E8E8C64AC4 /* WeaponFormView.swift in Sources */,
				639B22C80301B4E19FD5B577 /* WeaponListView.swift in Sources */,
				AEB66BC694F4551C404B098C /* WeaponType.swift in Sources */,
			);
			runOnlyForDeploymentPostprocessing = 0;
		};
/* End PBXSourcesBuildPhase section */

/* Begin XCBuildConfiguration section */
		0A886A376F495B0C5599FA73 /* Release */ = {
			isa = XCBuildConfiguration;
			buildSettings = {
				ALWAYS_SEARCH_USER_PATHS = NO;
				CLANG_ANALYZER_NONNULL = YES;
				CLANG_ANALYZER_NUMBER_OBJECT_CONVERSION = YES_AGGRESSIVE;
				CLANG_CXX_LANGUAGE_STANDARD = "gnu++14";
				CLANG_CXX_LIBRARY = "libc++";
				CLANG_ENABLE_MODULES = YES;
				CLANG_ENABLE_OBJC_ARC = YES;
				CLANG_ENABLE_OBJC_WEAK = YES;
				CLANG_WARN_BLOCK_CAPTURE_AUTORELEASING = YES;
				CLANG_WARN_BOOL_CONVERSION = YES;
				CLANG_WARN_COMMA = YES;
				CLANG_WARN_CONSTANT_CONVERSION = YES;
				CLANG_WARN_DEPRECATED_OBJC_IMPLEMENTATIONS = YES;
				CLANG_WARN_DIRECT_OBJC_ISA_USAGE = YES_ERROR;
				CLANG_WARN_DOCUMENTATION_COMMENTS = YES;
				CLANG_WARN_EMPTY_BODY = YES;
				CLANG_WARN_ENUM_CONVERSION = YES;
				CLANG_WARN_INFINITE_RECURSION = YES;
				CLANG_WARN_INT_CONVERSION = YES;
				CLANG_WARN_NON_LITERAL_NULL_CONVERSION = YES;
				CLANG_WARN_OBJC_IMPLICIT_RETAIN_SELF = YES;
				CLANG_WARN_OBJC_LITERAL_CONVERSION = YES;
				CLANG_WARN_OBJC_ROOT_CLASS = YES_ERROR;
				CLANG_WARN_QUOTED_INCLUDE_IN_FRAMEWORK_HEADER = YES;
				CLANG_WARN_RANGE_LOOP_ANALYSIS = YES;
				CLANG_WARN_STRICT_PROTOTYPES = YES;
				CLANG_WARN_SUSPICIOUS_MOVE = YES;
				CLANG_WARN_UNGUARDED_AVAILABILITY = YES_AGGRESSIVE;
				CLANG_WARN_UNREACHABLE_CODE = YES;
				CLANG_WARN__DUPLICATE_METHOD_MATCH = YES;
				CODE_SIGN_STYLE = Automatic;
				COPY_PHASE_STRIP = NO;
				CURRENT_PROJECT_VERSION = 1;
				DEBUG_INFORMATION_FORMAT = "dwarf-with-dsym";
				DEVELOPMENT_TEAM = "";
				ENABLE_NS_ASSERTIONS = NO;
				ENABLE_STRICT_OBJC_MSGSEND = YES;
				GCC_C_LANGUAGE_STANDARD = gnu11;
				GCC_NO_COMMON_BLOCKS = YES;
				GCC_WARN_64_TO_32_BIT_CONVERSION = YES;
				GCC_WARN_ABOUT_RETURN_TYPE = YES_ERROR;
				GCC_WARN_UNDECLARED_SELECTOR = YES;
				GCC_WARN_UNINITIALIZED_AUTOS = YES_AGGRESSIVE;
				GCC_WARN_UNUSED_FUNCTION = YES;
				GCC_WARN_UNUSED_VARIABLE = YES;
				INFOPLIST_KEY_CFBundleDisplayName = PewPewLogs;
				INFOPLIST_KEY_UILaunchScreen_Generation = YES;
				INFOPLIST_KEY_UISupportedInterfaceOrientations_iPhone = "UIInterfaceOrientationPortrait UIInterfaceOrientationLandscapeLeft UIInterfaceOrientationLandscapeRight";
				IPHONEOS_DEPLOYMENT_TARGET = 17.0;
				MARKETING_VERSION = 1.0.0;
				MTL_ENABLE_DEBUG_INFO = NO;
				MTL_FAST_MATH = YES;
				PRODUCT_NAME = "$(TARGET_NAME)";
				SDKROOT = iphoneos;
				SUPPORTED_PLATFORMS = "iphoneos iphonesimulator";
				SUPPORTS_MACCATALYST = NO;
				SWIFT_COMPILATION_MODE = wholemodule;
				SWIFT_OPTIMIZATION_LEVEL = "-O";
				SWIFT_VERSION = 6.0;
			};
			name = Release;
		};
		0BEB475DAA012CC6EE290DCA /* Debug */ = {
			isa = XCBuildConfiguration;
			buildSettings = {
				ALWAYS_SEARCH_USER_PATHS = NO;
				CLANG_ANALYZER_NONNULL = YES;
				CLANG_ANALYZER_NUMBER_OBJECT_CONVERSION = YES_AGGRESSIVE;
				CLANG_CXX_LANGUAGE_STANDARD = "gnu++14";
				CLANG_CXX_LIBRARY = "libc++";
				CLANG_ENABLE_MODULES = YES;
				CLANG_ENABLE_OBJC_ARC = YES;
				CLANG_ENABLE_OBJC_WEAK = YES;
				CLANG_WARN_BLOCK_CAPTURE_AUTORELEASING = YES;
				CLANG_WARN_BOOL_CONVERSION = YES;
				CLANG_WARN_COMMA = YES;
				CLANG_WARN_CONSTANT_CONVERSION = YES;
				CLANG_WARN_DEPRECATED_OBJC_IMPLEMENTATIONS = YES;
				CLANG_WARN_DIRECT_OBJC_ISA_USAGE = YES_ERROR;
				CLANG_WARN_DOCUMENTATION_COMMENTS = YES;
				CLANG_WARN_EMPTY_BODY = YES;
				CLANG_WARN_ENUM_CONVERSION = YES;
				CLANG_WARN_INFINITE_RECURSION = YES;
				CLANG_WARN_INT_CONVERSION = YES;
				CLANG_WARN_NON_LITERAL_NULL_CONVERSION = YES;
				CLANG_WARN_OBJC_IMPLICIT_RETAIN_SELF = YES;
				CLANG_WARN_OBJC_LITERAL_CONVERSION = YES;
				CLANG_WARN_OBJC_ROOT_CLASS = YES_ERROR;
				CLANG_WARN_QUOTED_INCLUDE_IN_FRAMEWORK_HEADER = YES;
				CLANG_WARN_RANGE_LOOP_ANALYSIS = YES;
				CLANG_WARN_STRICT_PROTOTYPES = YES;
				CLANG_WARN_SUSPICIOUS_MOVE = YES;
				CLANG_WARN_UNGUARDED_AVAILABILITY = YES_AGGRESSIVE;
				CLANG_WARN_UNREACHABLE_CODE = YES;
				CLANG_WARN__DUPLICATE_METHOD_MATCH = YES;
				CODE_SIGN_STYLE = Automatic;
				COPY_PHASE_STRIP = NO;
				CURRENT_PROJECT_VERSION = 1;
				DEBUG_INFORMATION_FORMAT = dwarf;
				DEVELOPMENT_TEAM = "";
				ENABLE_STRICT_OBJC_MSGSEND = YES;
				ENABLE_TESTABILITY = YES;
				GCC_C_LANGUAGE_STANDARD = gnu11;
				GCC_DYNAMIC_NO_PIC = NO;
				GCC_NO_COMMON_BLOCKS = YES;
				GCC_OPTIMIZATION_LEVEL = 0;
				GCC_PREPROCESSOR_DEFINITIONS = (
					"$(inherited)",
					"DEBUG=1",
				);
				GCC_WARN_64_TO_32_BIT_CONVERSION = YES;
				GCC_WARN_ABOUT_RETURN_TYPE = YES_ERROR;
				GCC_WARN_UNDECLARED_SELECTOR = YES;
				GCC_WARN_UNINITIALIZED_AUTOS = YES_AGGRESSIVE;
				GCC_WARN_UNUSED_FUNCTION = YES;
				GCC_WARN_UNUSED_VARIABLE = YES;
				INFOPLIST_KEY_CFBundleDisplayName = PewPewLogs;
				INFOPLIST_KEY_UILaunchScreen_Generation = YES;
				INFOPLIST_KEY_UISupportedInterfaceOrientations_iPhone = "UIInterfaceOrientationPortrait UIInterfaceOrientationLandscapeLeft UIInterfaceOrientationLandscapeRight";
				IPHONEOS_DEPLOYMENT_TARGET = 17.0;
				MARKETING_VERSION = 1.0.0;
				MTL_ENABLE_DEBUG_INFO = INCLUDE_SOURCE;
				MTL_FAST_MATH = YES;
				ONLY_ACTIVE_ARCH = YES;
				PRODUCT_NAME = "$(TARGET_NAME)";
				SDKROOT = iphoneos;
				SUPPORTED_PLATFORMS = "iphoneos iphonesimulator";
				SUPPORTS_MACCATALYST = NO;
				SWIFT_ACTIVE_COMPILATION_CONDITIONS = DEBUG;
				SWIFT_OPTIMIZATION_LEVEL = "-Onone";
				SWIFT_VERSION = 6.0;
			};
			name = Debug;
		};
		19CA7ED44F99FC1126981A6A /* Release */ = {
			isa = XCBuildConfiguration;
			buildSettings = {
				ASSETCATALOG_COMPILER_APPICON_NAME = AppIcon;
				CODE_SIGN_IDENTITY = "iPhone Developer";
				GENERATE_INFOPLIST_FILE = YES;
				INFOPLIST_KEY_CFBundleDisplayName = PewPewLogs;
				LD_RUNPATH_SEARCH_PATHS = (
					"$(inherited)",
					"@executable_path/Frameworks",
				);
				PRODUCT_BUNDLE_IDENTIFIER = com.pewpewlogs.app;
				SDKROOT = iphoneos;
				TARGETED_DEVICE_FAMILY = "1,2";
			};
			name = Release;
		};
		B27972E24E9C34AA033493DB /* Debug */ = {
			isa = XCBuildConfiguration;
			buildSettings = {
				ASSETCATALOG_COMPILER_APPICON_NAME = AppIcon;
				CODE_SIGN_IDENTITY = "iPhone Developer";
				GENERATE_INFOPLIST_FILE = YES;
				INFOPLIST_KEY_CFBundleDisplayName = PewPewLogs;
				LD_RUNPATH_SEARCH_PATHS = (
					"$(inherited)",
					"@executable_path/Frameworks",
				);
				PRODUCT_BUNDLE_IDENTIFIER = com.pewpewlogs.app;
				SDKROOT = iphoneos;
				TARGETED_DEVICE_FAMILY = "1,2";
			};
			name = Debug;
		};
/* End XCBuildConfiguration section */

/* Begin XCConfigurationList section */
		1C80295566F30E2E1D332337 /* Build configuration list for PBXNativeTarget "PewPewLogs" */ = {
			isa = XCConfigurationList;
			buildConfigurations = (
				B27972E24E9C34AA033493DB /* Debug */,
				19CA7ED44F99FC1126981A6A /* Release */,
			);
			defaultConfigurationIsVisible = 0;
			defaultConfigurationName = Debug;
		};
		EE81FAE34BAA2795AC99647D /* Build configuration list for PBXProject "PewPewLogs" */ = {
			isa = XCConfigurationList;
			buildConfigurations = (
				0BEB475DAA012CC6EE290DCA /* Debug */,
				0A886A376F495B0C5599FA73 /* Release */,
			);
			defaultConfigurationIsVisible = 0;
			defaultConfigurationName = Debug;
		};
/* End XCConfigurationList section */
	};
	rootObject = 87A00586A6E92B122BCE7004 /* Project object */;
}
